
Microsoft Visual Studio Solution File, Format Version 12.00
# Visual Studio Version 16
VisualStudioVersion = 16.0.31515.178
MinimumVisualStudioVersion = 10.0.40219.1
Project("{FAE04EC0-301F-11D3-BF4B-00C04F79EFBC}") = "INTTERFACES_POO", "INTTERFACES_POO\INTTERFACES_POO.csproj", "{48AF825F-1FBE-4904-84C1-98F1C74F0B51}"
EndProject
Global
	GlobalSection(SolutionConfigurationPlatforms) = preSolution
		Debug|Any CPU = Debug|Any CPU
		Release|Any CPU = Release|Any CPU
	EndGlobalSection
	GlobalSection(ProjectConfigurationPlatforms) = postSolution
		{48AF825F-1FBE-4904-84C1-98F1C74F0B51}.Debug|Any CPU.ActiveCfg = Debug|Any CPU
		{48AF825F-1FBE-4904-84C1-98F1C74F0B51}.Debug|Any CPU.Build.0 = Debug|Any CPU
		{48AF825F-1FBE-4904-84C1-98F1C74F0B51}.Release|Any CPU.ActiveCfg = Release|Any CPU
		{48AF825F-1FBE-4904-84C1-98F1C74F0B51}.Release|Any CPU.Build.0 = Release|Any CPU
	EndGlobalSection
	GlobalSection(SolutionProperties) = preSolution
		HideSolutionNode = FALSE
	EndGlobalSection
	GlobalSection(ExtensibilityGlobals) = postSolution
		SolutionGuid = {5167C5A1-66FA-42B2-9329-60C446A1E945}
	EndGlobalSection
EndGlobal
