
Microsoft Visual Studio Solution File, Format Version 12.00
# Visual Studio Version 16
VisualStudioVersion = 16.0.31515.178
MinimumVisualStudioVersion = 10.0.40219.1
Project("{FAE04EC0-301F-11D3-BF4B-00C04F79EFBC}") = "SWITCH-case", "SWITCH-case\SWITCH-case.csproj", "{0AD86178-67AA-43CD-80F4-75845C74B31C}"
EndProject
Project("{FAE04EC0-301F-11D3-BF4B-00C04F79EFBC}") = "goto", "goto\goto.csproj", "{7066DB43-4E60-4CCD-98E2-AC51B7A30896}"
EndProject
Global
	GlobalSection(SolutionConfigurationPlatforms) = preSolution
		Debug|Any CPU = Debug|Any CPU
		Release|Any CPU = Release|Any CPU
	EndGlobalSection
	GlobalSection(ProjectConfigurationPlatforms) = postSolution
		{0AD86178-67AA-43CD-80F4-75845C74B31C}.Debug|Any CPU.ActiveCfg = Debug|Any CPU
		{0AD86178-67AA-43CD-80F4-75845C74B31C}.Debug|Any CPU.Build.0 = Debug|Any CPU
		{0AD86178-67AA-43CD-80F4-75845C74B31C}.Release|Any CPU.ActiveCfg = Release|Any CPU
		{0AD86178-67AA-43CD-80F4-75845C74B31C}.Release|Any CPU.Build.0 = Release|Any CPU
		{7066DB43-4E60-4CCD-98E2-AC51B7A30896}.Debug|Any CPU.ActiveCfg = Debug|Any CPU
		{7066DB43-4E60-4CCD-98E2-AC51B7A30896}.Debug|Any CPU.Build.0 = Debug|Any CPU
		{7066DB43-4E60-4CCD-98E2-AC51B7A30896}.Release|Any CPU.ActiveCfg = Release|Any CPU
		{7066DB43-4E60-4CCD-98E2-AC51B7A30896}.Release|Any CPU.Build.0 = Release|Any CPU
	EndGlobalSection
	GlobalSection(SolutionProperties) = preSolution
		HideSolutionNode = FALSE
	EndGlobalSection
	GlobalSection(ExtensibilityGlobals) = postSolution
		SolutionGuid = {FC55ABFA-C59D-4200-A3E1-4BE044917F71}
	EndGlobalSection
EndGlobal
