
Microsoft Visual Studio Solution File, Format Version 12.00
# Visual Studio Version 16
VisualStudioVersion = 16.0.31515.178
MinimumVisualStudioVersion = 10.0.40219.1
Project("{FAE04EC0-301F-11D3-BF4B-00C04F79EFBC}") = "METODO_CONSTRUTOR", "METODO_CONSTRUTOR\METODO_CONSTRUTOR.csproj", "{99F90A9D-5A75-48BA-95CF-E8524326125D}"
EndProject
Global
	GlobalSection(SolutionConfigurationPlatforms) = preSolution
		Debug|Any CPU = Debug|Any CPU
		Release|Any CPU = Release|Any CPU
	EndGlobalSection
	GlobalSection(ProjectConfigurationPlatforms) = postSolution
		{99F90A9D-5A75-48BA-95CF-E8524326125D}.Debug|Any CPU.ActiveCfg = Debug|Any CPU
		{99F90A9D-5A75-48BA-95CF-E8524326125D}.Debug|Any CPU.Build.0 = Debug|Any CPU
		{99F90A9D-5A75-48BA-95CF-E8524326125D}.Release|Any CPU.ActiveCfg = Release|Any CPU
		{99F90A9D-5A75-48BA-95CF-E8524326125D}.Release|Any CPU.Build.0 = Release|Any CPU
	EndGlobalSection
	GlobalSection(SolutionProperties) = preSolution
		HideSolutionNode = FALSE
	EndGlobalSection
	GlobalSection(ExtensibilityGlobals) = postSolution
		SolutionGuid = {10FC37D4-844F-4D56-8546-D1FAE698AB45}
	EndGlobalSection
EndGlobal
