
Microsoft Visual Studio Solution File, Format Version 12.00
# Visual Studio Version 16
VisualStudioVersion = 16.0.31515.178
MinimumVisualStudioVersion = 10.0.40219.1
Project("{FAE04EC0-301F-11D3-BF4B-00C04F79EFBC}") = "HERANCA_ORDEM_EXECUCAO", "HERANCA_ORDEM_EXECUCAO\HERANCA_ORDEM_EXECUCAO.csproj", "{5E2BB843-A71B-4C41-B57D-05DF3E47D63E}"
EndProject
Global
	GlobalSection(SolutionConfigurationPlatforms) = preSolution
		Debug|Any CPU = Debug|Any CPU
		Release|Any CPU = Release|Any CPU
	EndGlobalSection
	GlobalSection(ProjectConfigurationPlatforms) = postSolution
		{5E2BB843-A71B-4C41-B57D-05DF3E47D63E}.Debug|Any CPU.ActiveCfg = Debug|Any CPU
		{5E2BB843-A71B-4C41-B57D-05DF3E47D63E}.Debug|Any CPU.Build.0 = Debug|Any CPU
		{5E2BB843-A71B-4C41-B57D-05DF3E47D63E}.Release|Any CPU.ActiveCfg = Release|Any CPU
		{5E2BB843-A71B-4C41-B57D-05DF3E47D63E}.Release|Any CPU.Build.0 = Release|Any CPU
	EndGlobalSection
	GlobalSection(SolutionProperties) = preSolution
		HideSolutionNode = FALSE
	EndGlobalSection
	GlobalSection(ExtensibilityGlobals) = postSolution
		SolutionGuid = {F6C01228-B06A-4333-8A34-762776C4E82F}
	EndGlobalSection
EndGlobal
