
Microsoft Visual Studio Solution File, Format Version 12.00
# Visual Studio Version 16
VisualStudioVersion = 16.0.31515.178
MinimumVisualStudioVersion = 10.0.40219.1
Project("{FAE04EC0-301F-11D3-BF4B-00C04F79EFBC}") = "METODOS_VIRTUAIS", "METODOS_VIRTUAIS\METODOS_VIRTUAIS.csproj", "{86D2FE6D-3970-46DE-A9FF-E53616CCB384}"
EndProject
Global
	GlobalSection(SolutionConfigurationPlatforms) = preSolution
		Debug|Any CPU = Debug|Any CPU
		Release|Any CPU = Release|Any CPU
	EndGlobalSection
	GlobalSection(ProjectConfigurationPlatforms) = postSolution
		{86D2FE6D-3970-46DE-A9FF-E53616CCB384}.Debug|Any CPU.ActiveCfg = Debug|Any CPU
		{86D2FE6D-3970-46DE-A9FF-E53616CCB384}.Debug|Any CPU.Build.0 = Debug|Any CPU
		{86D2FE6D-3970-46DE-A9FF-E53616CCB384}.Release|Any CPU.ActiveCfg = Release|Any CPU
		{86D2FE6D-3970-46DE-A9FF-E53616CCB384}.Release|Any CPU.Build.0 = Release|Any CPU
	EndGlobalSection
	GlobalSection(SolutionProperties) = preSolution
		HideSolutionNode = FALSE
	EndGlobalSection
	GlobalSection(ExtensibilityGlobals) = postSolution
		SolutionGuid = {C702F92B-BA39-4D1F-BDFD-65CB0903DA40}
	EndGlobalSection
EndGlobal
