
Microsoft Visual Studio Solution File, Format Version 12.00
# Visual Studio Version 16
VisualStudioVersion = 16.0.31515.178
MinimumVisualStudioVersion = 10.0.40219.1
Project("{FAE04EC0-301F-11D3-BF4B-00C04F79EFBC}") = "INDEXADORES", "INDEXADORES\INDEXADORES.csproj", "{A60CF9F4-1571-4B60-9912-A88838D151EA}"
EndProject
Global
	GlobalSection(SolutionConfigurationPlatforms) = preSolution
		Debug|Any CPU = Debug|Any CPU
		Release|Any CPU = Release|Any CPU
	EndGlobalSection
	GlobalSection(ProjectConfigurationPlatforms) = postSolution
		{A60CF9F4-1571-4B60-9912-A88838D151EA}.Debug|Any CPU.ActiveCfg = Debug|Any CPU
		{A60CF9F4-1571-4B60-9912-A88838D151EA}.Debug|Any CPU.Build.0 = Debug|Any CPU
		{A60CF9F4-1571-4B60-9912-A88838D151EA}.Release|Any CPU.ActiveCfg = Release|Any CPU
		{A60CF9F4-1571-4B60-9912-A88838D151EA}.Release|Any CPU.Build.0 = Release|Any CPU
	EndGlobalSection
	GlobalSection(SolutionProperties) = preSolution
		HideSolutionNode = FALSE
	EndGlobalSection
	GlobalSection(ExtensibilityGlobals) = postSolution
		SolutionGuid = {A3E0DD11-7CFE-4CA4-B699-0DA4A83762B0}
	EndGlobalSection
EndGlobal
