
Microsoft Visual Studio Solution File, Format Version 12.00
# Visual Studio Version 16
VisualStudioVersion = 16.0.31515.178
MinimumVisualStudioVersion = 10.0.40219.1
Project("{FAE04EC0-301F-11D3-BF4B-00C04F79EFBC}") = "ARGUMENTO_OUT", "ARGUMENTO_OUT\ARGUMENTO_OUT.csproj", "{546D2126-423A-4470-9738-B59146459AAD}"
EndProject
Global
	GlobalSection(SolutionConfigurationPlatforms) = preSolution
		Debug|Any CPU = Debug|Any CPU
		Release|Any CPU = Release|Any CPU
	EndGlobalSection
	GlobalSection(ProjectConfigurationPlatforms) = postSolution
		{546D2126-423A-4470-9738-B59146459AAD}.Debug|Any CPU.ActiveCfg = Debug|Any CPU
		{546D2126-423A-4470-9738-B59146459AAD}.Debug|Any CPU.Build.0 = Debug|Any CPU
		{546D2126-423A-4470-9738-B59146459AAD}.Release|Any CPU.ActiveCfg = Release|Any CPU
		{546D2126-423A-4470-9738-B59146459AAD}.Release|Any CPU.Build.0 = Release|Any CPU
	EndGlobalSection
	GlobalSection(SolutionProperties) = preSolution
		HideSolutionNode = FALSE
	EndGlobalSection
	GlobalSection(ExtensibilityGlobals) = postSolution
		SolutionGuid = {A9B1A366-F418-47F3-B72E-D36DD591054E}
	EndGlobalSection
EndGlobal
