
Microsoft Visual Studio Solution File, Format Version 12.00
# Visual Studio Version 16
VisualStudioVersion = 16.0.31515.178
MinimumVisualStudioVersion = 10.0.40219.1
Project("{FAE04EC0-301F-11D3-BF4B-00C04F79EFBC}") = "teste_heranca", "teste_heranca\teste_heranca.csproj", "{5B5F73AA-A008-4BBC-9503-3E33A296B35E}"
EndProject
Global
	GlobalSection(SolutionConfigurationPlatforms) = preSolution
		Debug|Any CPU = Debug|Any CPU
		Release|Any CPU = Release|Any CPU
	EndGlobalSection
	GlobalSection(ProjectConfigurationPlatforms) = postSolution
		{5B5F73AA-A008-4BBC-9503-3E33A296B35E}.Debug|Any CPU.ActiveCfg = Debug|Any CPU
		{5B5F73AA-A008-4BBC-9503-3E33A296B35E}.Debug|Any CPU.Build.0 = Debug|Any CPU
		{5B5F73AA-A008-4BBC-9503-3E33A296B35E}.Release|Any CPU.ActiveCfg = Release|Any CPU
		{5B5F73AA-A008-4BBC-9503-3E33A296B35E}.Release|Any CPU.Build.0 = Release|Any CPU
	EndGlobalSection
	GlobalSection(SolutionProperties) = preSolution
		HideSolutionNode = FALSE
	EndGlobalSection
	GlobalSection(ExtensibilityGlobals) = postSolution
		SolutionGuid = {8BF40E6C-B463-481F-944B-7A0D33A1B433}
	EndGlobalSection
EndGlobal
